# THIS IS AN AUTOGENERATED FILE. DO NOT EDIT THIS FILE DIRECTLY.
# yarn lockfile v1


gsap-parallax@latest:
  version "3.0.0"
  resolved "https://registry.yarnpkg.com/gsap-parallax/-/gsap-parallax-3.0.0.tgz#28f7c7e2ffe6449096a6cc941192a2778b3e70b1"
  integrity sha512-3YYwGFjA9lyVoefIIMEGMX18H6KSbFbT+1haDK9aMHUNTcLu75tg4HEifsNvW/5rJP/FcmUSa0xMxiJhZjYn9Q==
  dependencies:
    gsap latest
    jquery latest

gsap@latest:
  version "3.6.0"
  resolved "https://registry.yarnpkg.com/gsap/-/gsap-3.6.0.tgz#925f25370c698ce0f6ea563522da8f6b5ed21b0a"
  integrity sha512-0P3syv1TmYr+A/VZ8UMFzw+s0XoaKSzzDFs8NqkXiJTXI4E/VTi0zRjPgxaPBpiUPPycgRnFjLDe0Tb4dRRf+w==

jquery@latest:
  version "3.3.1"
  resolved "https://registry.yarnpkg.com/jquery/-/jquery-3.3.1.tgz#958ce29e81c9790f31be7792df5d4d95fc57fbca"
  integrity sha512-Ubldcmxp5np52/ENotGxlLe6aGMvmF4R8S6tZjsP6Knsaxd/xp3Zrh50cG93lR6nPXyUFwzN3ZSOQI0wRJNdGg==

requirejs@latest:
  version "2.3.6"
  resolved "https://registry.yarnpkg.com/requirejs/-/requirejs-2.3.6.tgz#e5093d9601c2829251258c0b9445d4d19fa9e7c9"
  integrity sha512-ipEzlWQe6RK3jkzikgCupiTbTvm4S0/CAU5GlgptkN5SO6F3u0UD0K18wy6ErDqiCyP4J4YYe1HuAShvsxePLg==
